dependencies:
- name: zookeeper
  repository: ""
  version: 0.1.0
- name: kafka
  repository: ""
  version: 0.1.0
- name: securitymgr
  repository: ""
  version: 0.1.0
- name: schemareg
  repository: ""
  version: 0.1.0
- name: clustermgr
  repository: ""
  version: 0.1.0
- name: kproducer
  repository: ""
  version: 0.1.0
digest: sha256:335fabb97d928075561b249f4fe8a2a78dbfbf3384ac5bcafc5871b4d00b2c8a
generated: "2020-09-26T19:00:43.190643-07:00"
